
Microsoft Visual Studio Solution File, Format Version 12.00
# Visual Studio Version 16
VisualStudioVersion = 16.0.31105.61
MinimumVisualStudioVersion = 10.0.40219.1
Project("{8BC9CEB8-8B4A-11D0-8D11-00A0C91BC942}") = "Employee", "Employee\Employee.vcxproj", "{BEE8A536-5947-4B14-AC3A-094A70C049DE}"
EndProject
Global
	GlobalSection(SolutionConfigurationPlatforms) = preSolution
		Debug|x64 = Debug|x64
		Debug|x86 = Debug|x86
		Release|x64 = Release|x64
		Release|x86 = Release|x86
	EndGlobalSection
	GlobalSection(ProjectConfigurationPlatforms) = postSolution
		{BEE8A536-5947-4B14-AC3A-094A70C049DE}.Debug|x64.ActiveCfg = Debug|x64
		{BEE8A536-5947-4B14-AC3A-094A70C049DE}.Debug|x64.Build.0 = Debug|x64
		{BEE8A536-5947-4B14-AC3A-094A70C049DE}.Debug|x86.ActiveCfg = Debug|Win32
		{BEE8A536-5947-4B14-AC3A-094A70C049DE}.Debug|x86.Build.0 = Debug|Win32
		{BEE8A536-5947-4B14-AC3A-094A70C049DE}.Release|x64.ActiveCfg = Release|x64
		{BEE8A536-5947-4B14-AC3A-094A70C049DE}.Release|x64.Build.0 = Release|x64
		{BEE8A536-5947-4B14-AC3A-094A70C049DE}.Release|x86.ActiveCfg = Release|Win32
		{BEE8A536-5947-4B14-AC3A-094A70C049DE}.Release|x86.Build.0 = Release|Win32
	EndGlobalSection
	GlobalSection(SolutionProperties) = preSolution
		HideSolutionNode = FALSE
	EndGlobalSection
	GlobalSection(ExtensibilityGlobals) = postSolution
		SolutionGuid = {1C2D38CA-8E3A-4B67-89DE-DE8E16A0AFBD}
	EndGlobalSection
EndGlobal
